
Microsoft Visual Studio Solution File, Format Version 12.00
# Visual Studio Version 17
VisualStudioVersion = 17.11.35312.102
MinimumVisualStudioVersion = 10.0.40219.1
Project("{FAE04EC0-301F-11D3-BF4B-00C04F79EFBC}") = "practica c#", "practica c#.csproj", "{78C240C7-1BDC-4098-BAA7-07546C1AAB44}"
EndProject
Global
	GlobalSection(SolutionConfigurationPlatforms) = preSolution
		Debug|Any CPU = Debug|Any CPU
		Release|Any CPU = Release|Any CPU
	EndGlobalSection
	GlobalSection(ProjectConfigurationPlatforms) = postSolution
		{78C240C7-1BDC-4098-BAA7-07546C1AAB44}.Debug|Any CPU.ActiveCfg = Debug|Any CPU
		{78C240C7-1BDC-4098-BAA7-07546C1AAB44}.Debug|Any CPU.Build.0 = Debug|Any CPU
		{78C240C7-1BDC-4098-BAA7-07546C1AAB44}.Release|Any CPU.ActiveCfg = Release|Any CPU
		{78C240C7-1BDC-4098-BAA7-07546C1AAB44}.Release|Any CPU.Build.0 = Release|Any CPU
	EndGlobalSection
	GlobalSection(SolutionProperties) = preSolution
		HideSolutionNode = FALSE
	EndGlobalSection
	GlobalSection(ExtensibilityGlobals) = postSolution
		SolutionGuid = {FF11180C-4A99-4C57-9444-AD9E8B9949B9}
	EndGlobalSection
EndGlobal
